
Microsoft Visual Studio Solution File, Format Version 12.00
# Visual Studio Version 17
VisualStudioVersion = 17.2.32630.192
MinimumVisualStudioVersion = 10.0.40219.1
Project("{FAE04EC0-301F-11D3-BF4B-00C04F79EFBC}") = "Bruteforce stile", "Bruteforce stile.csproj", "{155AED3F-D803-4B2E-A95B-84E7AF1D2F56}"
EndProject
Global
	GlobalSection(SolutionConfigurationPlatforms) = preSolution
		Debug|Any CPU = Debug|Any CPU
		Release|Any CPU = Release|Any CPU
	EndGlobalSection
	GlobalSection(ProjectConfigurationPlatforms) = postSolution
		{155AED3F-D803-4B2E-A95B-84E7AF1D2F56}.Debug|Any CPU.ActiveCfg = Debug|Any CPU
		{155AED3F-D803-4B2E-A95B-84E7AF1D2F56}.Debug|Any CPU.Build.0 = Debug|Any CPU
		{155AED3F-D803-4B2E-A95B-84E7AF1D2F56}.Release|Any CPU.ActiveCfg = Release|Any CPU
		{155AED3F-D803-4B2E-A95B-84E7AF1D2F56}.Release|Any CPU.Build.0 = Release|Any CPU
	EndGlobalSection
	GlobalSection(SolutionProperties) = preSolution
		HideSolutionNode = FALSE
	EndGlobalSection
	GlobalSection(ExtensibilityGlobals) = postSolution
		SolutionGuid = {14AAFF0E-DDA4-4B60-B6DF-A0CE8F3E0ED5}
	EndGlobalSection
EndGlobal
